<?xml version="1.0" encoding="utf-8"?>
<Project ToolsVersion="4.0" xmlns="http://schemas.microsoft.com/developer/msbuild/2003">
  <ItemGroup>
    <Filter Include="ソース ファイル">
      <UniqueIdentifier>{4FC737F1-C7A5-4376-A066-2A32D752A2FF}</UniqueIdentifier>
      <Extensions>cpp;c;cc;cxx;c++;cppm;ixx;def;odl;idl;hpj;bat;asm;asmx</Extensions>
    </Filter>
    <Filter Include="ヘッダー ファイル">
      <UniqueIdentifier>{93995380-89BD-4b04-88EB-625FBE52EBFB}</UniqueIdentifier>
      <Extensions>h;hh;hpp;hxx;h++;hm;inl;inc;ipp;xsd</Extensions>
    </Filter>
    <Filter Include="リソース ファイル">
      <UniqueIdentifier>{67DA6AB6-F800-4c08-8B7A-83BB121AAD01}</UniqueIdentifier>
      <Extensions>rc;ico;cur;bmp;dlg;rc2;rct;bin;rgs;gif;jpg;jpeg;jpe;resx;tiff;tif;png;wav;mfcribbon-ms</Extensions>
    </Filter>
    <Filter Include="ソース ファイル\システム">
      <UniqueIdentifier>{c49f9da6-4fc3-4c6d-b2fb-c5f399e1c67c}</UniqueIdentifier>
    </Filter>
    <Filter Include="ソース ファイル\コンポーネント">
      <UniqueIdentifier>{b116b35a-100a-41a9-b932-c5ae8ab3fc26}</UniqueIdentifier>
    </Filter>
    <Filter Include="ソース ファイル\シーン">
      <UniqueIdentifier>{8f8c4a20-b9be-4560-8756-43907802dac6}</UniqueIdentifier>
    </Filter>
    <Filter Include="リソース ファイル\頂点シェーダー">
      <UniqueIdentifier>{031b44fb-0cda-42e8-8136-5853547ee2cb}</UniqueIdentifier>
    </Filter>
    <Filter Include="リソース ファイル\ピクセルシェーダー">
      <UniqueIdentifier>{217f7044-a2b0-4ee7-80da-db52f96ffdae}</UniqueIdentifier>
    </Filter>
    <Filter Include="ソース ファイル\ImGUI">
      <UniqueIdentifier>{6ddd9d00-3021-43f3-b054-ebe73854d763}</UniqueIdentifier>
    </Filter>
    <Filter Include="ソース ファイル\ImGUI\Window">
      <UniqueIdentifier>{4f6c8fb0-20e5-47e0-927a-f4519c8b7b2a}</UniqueIdentifier>
    </Filter>
    <Filter Include="ソース ファイル\ImGUI\ライブラリ">
      <UniqueIdentifier>{ed45a68a-dd3a-4318-9210-471b5eb96a88}</UniqueIdentifier>
    </Filter>
  </ItemGroup>
  <ItemGroup>
    <ClInclude Include="Sources\Direct3D11.h">
      <Filter>ヘッダー ファイル</Filter>
    </ClInclude>
    <ClInclude Include="Sources\Component.h">
      <Filter>ヘッダー ファイル</Filter>
    </ClInclude>
    <ClInclude Include="Sources\GameObject.h">
      <Filter>ヘッダー ファイル</Filter>
    </ClInclude>
    <ClInclude Include="Sources\Scene.h">
      <Filter>ヘッダー ファイル</Filter>
    </ClInclude>
    <ClInclude Include="Sources\Scene_Game.h">
      <Filter>ヘッダー ファイル</Filter>
    </ClInclude>
    <ClInclude Include="Sources\SystemFormat.h">
      <Filter>ヘッダー ファイル</Filter>
    </ClInclude>
    <ClInclude Include="Sources\Transform.h">
      <Filter>ヘッダー ファイル</Filter>
    </ClInclude>
    <ClInclude Include="Sources\InputSystem.h">
      <Filter>ヘッダー ファイル</Filter>
    </ClInclude>
    <ClInclude Include="Sources\Camera.h">
      <Filter>ヘッダー ファイル</Filter>
    </ClInclude>
    <ClInclude Include="Sources\utftosjisconv.h">
      <Filter>ヘッダー ファイル</Filter>
    </ClInclude>
    <ClInclude Include="Sources\WinMain.h">
      <Filter>ヘッダー ファイル</Filter>
    </ClInclude>
    <ClInclude Include="Sources\Application.h">
      <Filter>ヘッダー ファイル</Filter>
    </ClInclude>
    <ClInclude Include="Sources\MeshRenderer.h">
      <Filter>ヘッダー ファイル</Filter>
    </ClInclude>
    <ClInclude Include="Sources\ShaderManager.h">
      <Filter>ヘッダー ファイル</Filter>
    </ClInclude>
    <ClInclude Include="Sources\Light.h">
      <Filter>ヘッダー ファイル</Filter>
    </ClInclude>
    <ClInclude Include="Sources\Texture.h">
      <Filter>ヘッダー ファイル</Filter>
    </ClInclude>
    <ClInclude Include="Sources\Time.h">
      <Filter>ヘッダー ファイル</Filter>
    </ClInclude>
    <ClInclude Include="Sources\UISpriteRenderer.h">
      <Filter>ヘッダー ファイル</Filter>
    </ClInclude>
    <ClInclude Include="Sources\ImGUIManager.h">
      <Filter>ヘッダー ファイル</Filter>
    </ClInclude>
    <ClInclude Include="Sources\ImGui\imconfig.h">
      <Filter>ヘッダー ファイル</Filter>
    </ClInclude>
    <ClInclude Include="Sources\ImGUIWindowBase.h">
      <Filter>ヘッダー ファイル</Filter>
    </ClInclude>
    <ClInclude Include="Sources\ImGui\imstb_truetype.h">
      <Filter>ソース ファイル\ImGUI\ライブラリ</Filter>
    </ClInclude>
    <ClInclude Include="Sources\ImGui\imgui.h">
      <Filter>ソース ファイル\ImGUI\ライブラリ</Filter>
    </ClInclude>
    <ClInclude Include="Sources\ImGui\imgui_impl_dx11.h">
      <Filter>ソース ファイル\ImGUI\ライブラリ</Filter>
    </ClInclude>
    <ClInclude Include="Sources\ImGui\imgui_impl_win32.h">
      <Filter>ソース ファイル\ImGUI\ライブラリ</Filter>
    </ClInclude>
    <ClInclude Include="Sources\ImGui\imgui_internal.h">
      <Filter>ソース ファイル\ImGUI\ライブラリ</Filter>
    </ClInclude>
    <ClInclude Include="Sources\ImGui\imstb_rectpack.h">
      <Filter>ソース ファイル\ImGUI\ライブラリ</Filter>
    </ClInclude>
    <ClInclude Include="Sources\ImGui\imstb_textedit.h">
      <Filter>ソース ファイル\ImGUI\ライブラリ</Filter>
    </ClInclude>
    <ClInclude Include="Sources\ImGUI_DebugWindow.h">
      <Filter>ソース ファイル\ImGUI\Window</Filter>
    </ClInclude>
    <ClInclude Include="Sources\DirectionalLight.h">
      <Filter>ヘッダー ファイル</Filter>
    </ClInclude>
    <ClInclude Include="Sources\MipMap.h">
      <Filter>ヘッダー ファイル</Filter>
    </ClInclude>
    <ClInclude Include="Sources\DITEngineSystem.h">
      <Filter>ヘッダー ファイル</Filter>
    </ClInclude>
    <ClInclude Include="Sources\ImGUI_MaterialWindow.h">
      <Filter>ヘッダー ファイル</Filter>
    </ClInclude>
    <ClInclude Include="Sources\IniFileManager.h">
      <Filter>ヘッダー ファイル</Filter>
    </ClInclude>
    <ClInclude Include="Sources\ImGUI_DisneyMaterialEditWindow.h">
      <Filter>ヘッダー ファイル</Filter>
    </ClInclude>
  </ItemGroup>
  <ItemGroup>
    <ClCompile Include="Sources\Direct3D11.cpp">
      <Filter>ソース ファイル\システム</Filter>
    </ClCompile>
    <ClCompile Include="Sources\WinMain.cpp">
      <Filter>ソース ファイル\システム</Filter>
    </ClCompile>
    <ClCompile Include="Sources\Scene_Game.cpp">
      <Filter>ソース ファイル\シーン</Filter>
    </ClCompile>
    <ClCompile Include="Sources\SceneManager.cpp">
      <Filter>ソース ファイル\システム</Filter>
    </ClCompile>
    <ClCompile Include="Sources\DITEngine3D.h">
      <Filter>ヘッダー ファイル</Filter>
    </ClCompile>
    <ClCompile Include="Sources\Transform.cpp">
      <Filter>ソース ファイル\コンポーネント</Filter>
    </ClCompile>
    <ClCompile Include="Sources\GameObject.cpp">
      <Filter>ソース ファイル\システム</Filter>
    </ClCompile>
    <ClCompile Include="Sources\SystemFormat.cpp">
      <Filter>ソース ファイル\システム</Filter>
    </ClCompile>
    <ClCompile Include="Sources\InputSystem.cpp">
      <Filter>ソース ファイル\システム</Filter>
    </ClCompile>
    <ClCompile Include="Sources\Camera.cpp">
      <Filter>ソース ファイル\コンポーネント</Filter>
    </ClCompile>
    <ClCompile Include="Sources\utftosjisconv.cpp">
      <Filter>ソース ファイル\システム</Filter>
    </ClCompile>
    <ClCompile Include="Sources\Application.cpp">
      <Filter>ソース ファイル\システム</Filter>
    </ClCompile>
    <ClCompile Include="Sources\DITEngineSystem.cpp">
      <Filter>ソース ファイル\システム</Filter>
    </ClCompile>
    <ClCompile Include="Sources\MeshRenderer.cpp">
      <Filter>ソース ファイル\コンポーネント</Filter>
    </ClCompile>
    <ClCompile Include="Sources\ShaderManager.cpp">
      <Filter>ソース ファイル\システム</Filter>
    </ClCompile>
    <ClCompile Include="Sources\Light.cpp">
      <Filter>ソース ファイル\コンポーネント</Filter>
    </ClCompile>
    <ClCompile Include="Sources\Texture.cpp">
      <Filter>ソース ファイル\システム</Filter>
    </ClCompile>
    <ClCompile Include="Sources\Time.cpp">
      <Filter>ソース ファイル\システム</Filter>
    </ClCompile>
    <ClCompile Include="Sources\UISpriteRenderer.cpp">
      <Filter>ソース ファイル\コンポーネント</Filter>
    </ClCompile>
    <ClCompile Include="Sources\ImGUIManager.cpp">
      <Filter>ソース ファイル\システム</Filter>
    </ClCompile>
    <ClCompile Include="Sources\ImGui\imgui.cpp">
      <Filter>ソース ファイル\ImGUI\ライブラリ</Filter>
    </ClCompile>
    <ClCompile Include="Sources\ImGui\imgui_demo.cpp">
      <Filter>ソース ファイル\ImGUI\ライブラリ</Filter>
    </ClCompile>
    <ClCompile Include="Sources\ImGui\imgui_draw.cpp">
      <Filter>ソース ファイル\ImGUI\ライブラリ</Filter>
    </ClCompile>
    <ClCompile Include="Sources\ImGui\imgui_impl_dx11.cpp">
      <Filter>ソース ファイル\ImGUI\ライブラリ</Filter>
    </ClCompile>
    <ClCompile Include="Sources\ImGui\imgui_impl_win32.cpp">
      <Filter>ソース ファイル\ImGUI\ライブラリ</Filter>
    </ClCompile>
    <ClCompile Include="Sources\ImGui\imgui_tables.cpp">
      <Filter>ソース ファイル\ImGUI\ライブラリ</Filter>
    </ClCompile>
    <ClCompile Include="Sources\ImGui\imgui_widgets.cpp">
      <Filter>ソース ファイル\ImGUI\ライブラリ</Filter>
    </ClCompile>
    <ClCompile Include="Sources\ImGUI_DebugWindow.cpp">
      <Filter>ソース ファイル\ImGUI\Window</Filter>
    </ClCompile>
    <ClCompile Include="Sources\ImGUIWindowBase.cpp">
      <Filter>ソース ファイル\ImGUI\Window</Filter>
    </ClCompile>
    <ClCompile Include="Sources\DirectionalLight.cpp">
      <Filter>ソース ファイル</Filter>
    </ClCompile>
    <ClCompile Include="Sources\MipMap.cpp">
      <Filter>ソース ファイル</Filter>
    </ClCompile>
    <ClCompile Include="Sources\ImGUI_MaterialWindow.cpp">
      <Filter>ソース ファイル</Filter>
    </ClCompile>
    <ClCompile Include="Sources\IniFileManager.cpp">
      <Filter>ソース ファイル</Filter>
    </ClCompile>
    <ClCompile Include="Sources\ImGUI_DisneyMaterialEditWindow.cpp">
      <Filter>ソース ファイル</Filter>
    </ClCompile>
  </ItemGroup>
  <ItemGroup>
    <None Include="Sources\SceneManager.h">
      <Filter>ヘッダー ファイル</Filter>
    </None>
    <None Include="Sources\KeyInputDifinitionList.h">
      <Filter>ヘッダー ファイル</Filter>
    </None>
  </ItemGroup>
  <ItemGroup>
    <FxCompile Include="Asset\shader\UI_BaseShader_VS.hlsl">
      <Filter>リソース ファイル\頂点シェーダー</Filter>
    </FxCompile>
    <FxCompile Include="Asset\shader\unlitTextureVS.hlsl">
      <Filter>リソース ファイル\頂点シェーダー</Filter>
    </FxCompile>
    <FxCompile Include="Asset\shader\vertexLightingVS.hlsl">
      <Filter>リソース ファイル\頂点シェーダー</Filter>
    </FxCompile>
    <FxCompile Include="Asset\shader\PointLight_VS.hlsl">
      <Filter>リソース ファイル\頂点シェーダー</Filter>
    </FxCompile>
    <FxCompile Include="Asset\shader\PointLight_PS.hlsl">
      <Filter>リソース ファイル\ピクセルシェーダー</Filter>
    </FxCompile>
    <FxCompile Include="Asset\shader\SpecularReflection_PS.hlsl">
      <Filter>リソース ファイル\ピクセルシェーダー</Filter>
    </FxCompile>
    <FxCompile Include="Asset\shader\UI_BaseShader_PS.hlsl">
      <Filter>リソース ファイル\ピクセルシェーダー</Filter>
    </FxCompile>
    <FxCompile Include="Asset\shader\unlitTexturePS.hlsl">
      <Filter>リソース ファイル\ピクセルシェーダー</Filter>
    </FxCompile>
    <FxCompile Include="Asset\shader\vertexLightingPS.hlsl">
      <Filter>リソース ファイル\ピクセルシェーダー</Filter>
    </FxCompile>
    <FxCompile Include="Asset\shader\DirectionalLight_VS.hlsl" />
    <FxCompile Include="Asset\shader\DirectionalLight_PS.hlsl" />
    <FxCompile Include="Asset\shader\DisneyBRDF_PS.hlsl" />
  </ItemGroup>
</Project>